
Microsoft Visual Studio Solution File, Format Version 11.00
# Visual Studio 2010
Project("{FAE04EC0-301F-11D3-BF4B-00C04F79EFBC}") = "Assembly-CSharp", "Assembly-CSharp.csproj", "{7E6246A6-BB17-CA29-581A-975DAFA9EED0}"
EndProject
Project("{FAE04EC0-301F-11D3-BF4B-00C04F79EFBC}") = "Assembly-CSharp-Editor", "Assembly-CSharp-Editor.csproj", "{9BD900AD-E3A8-7FA9-40A0-47C187192DBB}"
EndProject
Global
	GlobalSection(SolutionConfigurationPlatforms) = preSolution
		Debug|Any CPU = Debug|Any CPU
		Release|Any CPU = Release|Any CPU
	EndGlobalSection
	GlobalSection(ProjectConfigurationPlatforms) = postSolution
		{7E6246A6-BB17-CA29-581A-975DAFA9EED0}.Debug|Any CPU.ActiveCfg = Debug|Any CPU
		{7E6246A6-BB17-CA29-581A-975DAFA9EED0}.Debug|Any CPU.Build.0 = Debug|Any CPU
		{7E6246A6-BB17-CA29-581A-975DAFA9EED0}.Release|Any CPU.ActiveCfg = Release|Any CPU
		{7E6246A6-BB17-CA29-581A-975DAFA9EED0}.Release|Any CPU.Build.0 = Release|Any CPU
		{9BD900AD-E3A8-7FA9-40A0-47C187192DBB}.Debug|Any CPU.ActiveCfg = Debug|Any CPU
		{9BD900AD-E3A8-7FA9-40A0-47C187192DBB}.Debug|Any CPU.Build.0 = Debug|Any CPU
		{9BD900AD-E3A8-7FA9-40A0-47C187192DBB}.Release|Any CPU.ActiveCfg = Release|Any CPU
		{9BD900AD-E3A8-7FA9-40A0-47C187192DBB}.Release|Any CPU.Build.0 = Release|Any CPU
	EndGlobalSection
	GlobalSection(SolutionProperties) = preSolution
		HideSolutionNode = FALSE
	EndGlobalSection
EndGlobal
